
Microsoft Visual Studio Solution File, Format Version 12.00
# Visual Studio 15
VisualStudioVersion = 15.0.28010.2036
MinimumVisualStudioVersion = 10.0.40219.1
Project("{888888A0-9F3D-457C-B088-3A5042F75D52}") = "stocklookup", "stocklookup\stocklookup.pyproj", "{9FCE1CF7-5001-4E7E-B086-3B6DCA7710AD}"
EndProject
Global
	GlobalSection(SolutionConfigurationPlatforms) = preSolution
		Debug|Any CPU = Debug|Any CPU
		Release|Any CPU = Release|Any CPU
	EndGlobalSection
	GlobalSection(ProjectConfigurationPlatforms) = postSolution
		{9FCE1CF7-5001-4E7E-B086-3B6DCA7710AD}.Debug|Any CPU.ActiveCfg = Debug|Any CPU
		{9FCE1CF7-5001-4E7E-B086-3B6DCA7710AD}.Release|Any CPU.ActiveCfg = Release|Any CPU
	EndGlobalSection
	GlobalSection(SolutionProperties) = preSolution
		HideSolutionNode = FALSE
	EndGlobalSection
	GlobalSection(ExtensibilityGlobals) = postSolution
		SolutionGuid = {9664B109-72C5-4BCF-91FC-157A0C2902E7}
	EndGlobalSection
EndGlobal
